
Microsoft Visual Studio Solution File, Format Version 10.00
# Visual C++ Express 2008
Project("{8BC9CEB8-8B4A-11D0-8D11-00A0C91BC942}") = "Datastructure1", "Datastructure1\Datastructure1.vcproj", "{3BAADFAC-33DC-488F-9BA9-EEDE0F9EADCB}"
EndProject
Global
	GlobalSection(SolutionConfigurationPlatforms) = preSolution
		Debug|Win32 = Debug|Win32
		Release|Win32 = Release|Win32
	EndGlobalSection
	GlobalSection(ProjectConfigurationPlatforms) = postSolution
		{3BAADFAC-33DC-488F-9BA9-EEDE0F9EADCB}.Debug|Win32.ActiveCfg = Debug|Win32
		{3BAADFAC-33DC-488F-9BA9-EEDE0F9EADCB}.Debug|Win32.Build.0 = Debug|Win32
		{3BAADFAC-33DC-488F-9BA9-EEDE0F9EADCB}.Release|Win32.ActiveCfg = Release|Win32
		{3BAADFAC-33DC-488F-9BA9-EEDE0F9EADCB}.Release|Win32.Build.0 = Release|Win32
	EndGlobalSection
	GlobalSection(SolutionProperties) = preSolution
		HideSolutionNode = FALSE
	EndGlobalSection
EndGlobal
